
Microsoft Visual Studio Solution File, Format Version 12.00
# Visual Studio Version 16
VisualStudioVersion = 16.0.31313.79
MinimumVisualStudioVersion = 10.0.40219.1
Project("{9A19103F-16F7-4668-BE54-9A1E7A4F7556}") = "Branas.CC.CA.API", "Branas.CC.CA.API\Branas.CC.CA.API.csproj", "{C7FEB26F-93FF-42F9-91FA-A207308621E8}"
EndProject
Project("{9A19103F-16F7-4668-BE54-9A1E7A4F7556}") = "Branas.CC.CA.Application", "Branas.CC.CA.Application\Branas.CC.CA.Application.csproj", "{8CB47DAE-7EA0-45FE-8C87-35864C3808AD}"
EndProject
Project("{9A19103F-16F7-4668-BE54-9A1E7A4F7556}") = "Branas.CC.CA.Application.Tests", "Branas.CC.CA.Application.Tests\Branas.CC.CA.Application.Tests.csproj", "{704896D0-75F7-4A1B-B812-5BB8321B8B5C}"
EndProject
Project("{FAE04EC0-301F-11D3-BF4B-00C04F79EFBC}") = "Branas.CC.CA.Domain", "Branas.CC.CA.Domain\Branas.CC.CA.Domain.csproj", "{58A6BB42-9C5F-47F9-B3AA-FEEAA7AB226E}"
EndProject
Project("{FAE04EC0-301F-11D3-BF4B-00C04F79EFBC}") = "Branas.CC.CA.Domain.Tests", "Branas.CC.CA.Domain.Tests\Branas.CC.CA.Domain.Tests.csproj", "{E99D7DC7-7651-47C9-A9B2-6FC69ABDB4B1}"
EndProject
Global
	GlobalSection(SolutionConfigurationPlatforms) = preSolution
		Debug|Any CPU = Debug|Any CPU
		Release|Any CPU = Release|Any CPU
	EndGlobalSection
	GlobalSection(ProjectConfigurationPlatforms) = postSolution
		{C7FEB26F-93FF-42F9-91FA-A207308621E8}.Debug|Any CPU.ActiveCfg = Debug|Any CPU
		{C7FEB26F-93FF-42F9-91FA-A207308621E8}.Debug|Any CPU.Build.0 = Debug|Any CPU
		{C7FEB26F-93FF-42F9-91FA-A207308621E8}.Release|Any CPU.ActiveCfg = Release|Any CPU
		{C7FEB26F-93FF-42F9-91FA-A207308621E8}.Release|Any CPU.Build.0 = Release|Any CPU
		{8CB47DAE-7EA0-45FE-8C87-35864C3808AD}.Debug|Any CPU.ActiveCfg = Debug|Any CPU
		{8CB47DAE-7EA0-45FE-8C87-35864C3808AD}.Debug|Any CPU.Build.0 = Debug|Any CPU
		{8CB47DAE-7EA0-45FE-8C87-35864C3808AD}.Release|Any CPU.ActiveCfg = Release|Any CPU
		{8CB47DAE-7EA0-45FE-8C87-35864C3808AD}.Release|Any CPU.Build.0 = Release|Any CPU
		{704896D0-75F7-4A1B-B812-5BB8321B8B5C}.Debug|Any CPU.ActiveCfg = Debug|Any CPU
		{704896D0-75F7-4A1B-B812-5BB8321B8B5C}.Debug|Any CPU.Build.0 = Debug|Any CPU
		{704896D0-75F7-4A1B-B812-5BB8321B8B5C}.Release|Any CPU.ActiveCfg = Release|Any CPU
		{704896D0-75F7-4A1B-B812-5BB8321B8B5C}.Release|Any CPU.Build.0 = Release|Any CPU
		{58A6BB42-9C5F-47F9-B3AA-FEEAA7AB226E}.Debug|Any CPU.ActiveCfg = Debug|Any CPU
		{58A6BB42-9C5F-47F9-B3AA-FEEAA7AB226E}.Debug|Any CPU.Build.0 = Debug|Any CPU
		{58A6BB42-9C5F-47F9-B3AA-FEEAA7AB226E}.Release|Any CPU.ActiveCfg = Release|Any CPU
		{58A6BB42-9C5F-47F9-B3AA-FEEAA7AB226E}.Release|Any CPU.Build.0 = Release|Any CPU
		{E99D7DC7-7651-47C9-A9B2-6FC69ABDB4B1}.Debug|Any CPU.ActiveCfg = Debug|Any CPU
		{E99D7DC7-7651-47C9-A9B2-6FC69ABDB4B1}.Debug|Any CPU.Build.0 = Debug|Any CPU
		{E99D7DC7-7651-47C9-A9B2-6FC69ABDB4B1}.Release|Any CPU.ActiveCfg = Release|Any CPU
		{E99D7DC7-7651-47C9-A9B2-6FC69ABDB4B1}.Release|Any CPU.Build.0 = Release|Any CPU
	EndGlobalSection
	GlobalSection(SolutionProperties) = preSolution
		HideSolutionNode = FALSE
	EndGlobalSection
	GlobalSection(ExtensibilityGlobals) = postSolution
		SolutionGuid = {5E869BA0-AE22-44F6-94AC-07E816392E78}
	EndGlobalSection
EndGlobal
